// !$*UTF8*$!
{
	archiveVersion = 1;
	classes = {
	};
	objectVersion = 56;
	objects = {

/* Begin PBXBuildFile section */
		2237247A29ADD18200440CA3 /* BoredApp.swift in Sources */ = {isa = PBXBuildFile; fileRef = 2237247929ADD18200440CA3 /* BoredApp.swift */; };
		2237247C29ADD18200440CA3 /* ContentView.swift in Sources */ = {isa = PBXBuildFile; fileRef = 2237247B29ADD18200440CA3 /* ContentView.swift */; };
		2237247E29ADD18300440CA3 /* Assets.xcassets in Resources */ = {isa = PBXBuildFile; fileRef = 2237247D29ADD18300440CA3 /* Assets.xcassets */; };
		2237248229ADD18300440CA3 /* Preview Assets.xcassets in Resources */ = {isa = PBXBuildFile; fileRef = 2237248129ADD18300440CA3 /* Preview Assets.xcassets */; };
		2237248C29ADD18300440CA3 /* BoredTests.swift in Sources */ = {isa = PBXBuildFile; fileRef = 2237248B29ADD18300440CA3 /* BoredTests.swift */; };
		2237249629ADD18300440CA3 /* BoredUITests.swift in Sources */ = {isa = PBXBuildFile; fileRef = 2237249529ADD18300440CA3 /* BoredUITests.swift */; };
		2237249829ADD18300440CA3 /* BoredUITestsLaunchTests.swift in Sources */ = {isa = PBXBuildFile; fileRef = 2237249729ADD18300440CA3 /* BoredUITestsLaunchTests.swift */; };
		223724A529AE7B4900440CA3 /* circleimage.swift in Sources */ = {isa = PBXBuildFile; fileRef = 223724A429AE7B4900440CA3 /* circleimage.swift */; };
		225EA2622A57F92100CAEB44 /* SwiftUIView.swift in Sources */ = {isa = PBXBuildFile; fileRef = 225EA2612A57F92100CAEB44 /* SwiftUIView.swift */; };
		225EA2642A58B18000CAEB44 /* LandingPage.swift in Sources */ = {isa = PBXBuildFile; fileRef = 225EA2632A58B18000CAEB44 /* LandingPage.swift */; };
		225EA2662A58B1DD00CAEB44 /* HomePage.swift in Sources */ = {isa = PBXBuildFile; fileRef = 225EA2652A58B1DD00CAEB44 /* HomePage.swift */; };
		225EA2682A58B20600CAEB44 /* ProfilePage.swift in Sources */ = {isa = PBXBuildFile; fileRef = 225EA2672A58B20600CAEB44 /* ProfilePage.swift */; };
		225EA26A2A5E5EDE00CAEB44 /* GoogleService-Info.plist in Resources */ = {isa = PBXBuildFile; fileRef = 225EA2692A5E5EDE00CAEB44 /* GoogleService-Info.plist */; };
		225EA26D2A5E5F6C00CAEB44 /* FirebaseAuth in Frameworks */ = {isa = PBXBuildFile; productRef = 225EA26C2A5E5F6C00CAEB44 /* FirebaseAuth */; };
		225EA26F2A5E5F9300CAEB44 /* LoginView.swift in Sources */ = {isa = PBXBuildFile; fileRef = 225EA26E2A5E5F9300CAEB44 /* LoginView.swift */; };
		225EA2722A5FC22300CAEB44 /* FirebaseFirestore in Frameworks */ = {isa = PBXBuildFile; productRef = 225EA2712A5FC22300CAEB44 /* FirebaseFirestore */; };
		225EA2742A5FC22E00CAEB44 /* FirebaseFirestoreSwift in Frameworks */ = {isa = PBXBuildFile; productRef = 225EA2732A5FC22E00CAEB44 /* FirebaseFirestoreSwift */; };
		225EA2762A5FC23800CAEB44 /* FirebaseStorage in Frameworks */ = {isa = PBXBuildFile; productRef = 225EA2752A5FC23800CAEB44 /* FirebaseStorage */; };
		226120652A570AF900E3439B /* HomeScreenView.swift in Sources */ = {isa = PBXBuildFile; fileRef = 226120642A570AF900E3439B /* HomeScreenView.swift */; };
		226120672A570B1100E3439B /* GameCard.swift in Sources */ = {isa = PBXBuildFile; fileRef = 226120662A570B1100E3439B /* GameCard.swift */; };
		226120712A577AFC00E3439B /* Games.swift in Sources */ = {isa = PBXBuildFile; fileRef = 226120702A577AFC00E3439B /* Games.swift */; };
		226120732A577B9300E3439B /* ModelData.swift in Sources */ = {isa = PBXBuildFile; fileRef = 226120722A577B9300E3439B /* ModelData.swift */; };
/* End PBXBuildFile section */

/* Begin PBXContainerItemProxy section */
		2237248829ADD18300440CA3 /* PBXContainerItemProxy */ = {
			isa = PBXContainerItemProxy;
			containerPortal = 2237246E29ADD18200440CA3 /* Project object */;
			proxyType = 1;
			remoteGlobalIDString = 2237247529ADD18200440CA3;
			remoteInfo = Bored;
		};
		2237249229ADD18300440CA3 /* PBXContainerItemProxy */ = {
			isa = PBXContainerItemProxy;
			containerPortal = 2237246E29ADD18200440CA3 /* Project object */;
			proxyType = 1;
			remoteGlobalIDString = 2237247529ADD18200440CA3;
			remoteInfo = Bored;
		};
/* End PBXContainerItemProxy section */

/* Begin PBXFileReference section */
		2237247629ADD18200440CA3 /* Bored.app */ = {isa = PBXFileReference; explicitFileType = wrapper.application; includeInIndex = 0; path = Bored.app; sourceTree = BUILT_PRODUCTS_DIR; };
		2237247929ADD18200440CA3 /* BoredApp.swift */ = {isa = PBXFileReference; lastKnownFileType = sourcecode.swift; path = BoredApp.swift; sourceTree = "<group>"; };
		2237247B29ADD18200440CA3 /* ContentView.swift */ = {isa = PBXFileReference; lastKnownFileType = sourcecode.swift; path = ContentView.swift; sourceTree = "<group>"; };
		2237247D29ADD18300440CA3 /* Assets.xcassets */ = {isa = PBXFileReference; lastKnownFileType = folder.assetcatalog; path = Assets.xcassets; sourceTree = "<group>"; };
		2237247F29ADD18300440CA3 /* Bored.entitlements */ = {isa = PBXFileReference; lastKnownFileType = text.plist.entitlements; path = Bored.entitlements; sourceTree = "<group>"; };
		2237248129ADD18300440CA3 /* Preview Assets.xcassets */ = {isa = PBXFileReference; lastKnownFileType = folder.assetcatalog; path = "Preview Assets.xcassets"; sourceTree = "<group>"; };
		2237248729ADD18300440CA3 /* BoredTests.xctest */ = {isa = PBXFileReference; explicitFileType = wrapper.cfbundle; includeInIndex = 0; path = BoredTests.xctest; sourceTree = BUILT_PRODUCTS_DIR; };
		2237248B29ADD18300440CA3 /* BoredTests.swift */ = {isa = PBXFileReference; lastKnownFileType = sourcecode.swift; path = BoredTests.swift; sourceTree = "<group>"; };
		2237249129ADD18300440CA3 /* BoredUITests.xctest */ = {isa = PBXFileReference; explicitFileType = wrapper.cfbundle; includeInIndex = 0; path = BoredUITests.xctest; sourceTree = BUILT_PRODUCTS_DIR; };
		2237249529ADD18300440CA3 /* BoredUITests.swift */ = {isa = PBXFileReference; lastKnownFileType = sourcecode.swift; path = BoredUITests.swift; sourceTree = "<group>"; };
		2237249729ADD18300440CA3 /* BoredUITestsLaunchTests.swift */ = {isa = PBXFileReference; lastKnownFileType = sourcecode.swift; path = BoredUITestsLaunchTests.swift; sourceTree = "<group>"; };
		223724A429AE7B4900440CA3 /* circleimage.swift */ = {isa = PBXFileReference; lastKnownFileType = sourcecode.swift; path = circleimage.swift; sourceTree = "<group>"; };
		225EA2612A57F92100CAEB44 /* SwiftUIView.swift */ = {isa = PBXFileReference; lastKnownFileType = sourcecode.swift; path = SwiftUIView.swift; sourceTree = "<group>"; };
		225EA2632A58B18000CAEB44 /* LandingPage.swift */ = {isa = PBXFileReference; lastKnownFileType = sourcecode.swift; path = LandingPage.swift; sourceTree = "<group>"; };
		225EA2652A58B1DD00CAEB44 /* HomePage.swift */ = {isa = PBXFileReference; lastKnownFileType = sourcecode.swift; path = HomePage.swift; sourceTree = "<group>"; };
		225EA2672A58B20600CAEB44 /* ProfilePage.swift */ = {isa = PBXFileReference; lastKnownFileType = sourcecode.swift; path = ProfilePage.swift; sourceTree = "<group>"; };
		225EA2692A5E5EDE00CAEB44 /* GoogleService-Info.plist */ = {isa = PBXFileReference; fileEncoding = 4; lastKnownFileType = text.plist.xml; name = "GoogleService-Info.plist"; path = "../../../../Downloads/GoogleService-Info.plist"; sourceTree = "<group>"; };
		225EA26E2A5E5F9300CAEB44 /* LoginView.swift */ = {isa = PBXFileReference; lastKnownFileType = sourcecode.swift; path = LoginView.swift; sourceTree = "<group>"; };
		226120642A570AF900E3439B /* HomeScreenView.swift */ = {isa = PBXFileReference; lastKnownFileType = sourcecode.swift; path = HomeScreenView.swift; sourceTree = "<group>"; };
		226120662A570B1100E3439B /* GameCard.swift */ = {isa = PBXFileReference; lastKnownFileType = sourcecode.swift; path = GameCard.swift; sourceTree = "<group>"; };
		226120702A577AFC00E3439B /* Games.swift */ = {isa = PBXFileReference; lastKnownFileType = sourcecode.swift; path = Games.swift; sourceTree = "<group>"; };
		226120722A577B9300E3439B /* ModelData.swift */ = {isa = PBXFileReference; lastKnownFileType = sourcecode.swift; path = ModelData.swift; sourceTree = "<group>"; };
		2281E54129B07D0900C164FF /* GamesData.json */ = {isa = PBXFileReference; lastKnownFileType = text.json; path = GamesData.json; sourceTree = "<group>"; };
/* End PBXFileReference section */

/* Begin PBXFrameworksBuildPhase section */
		2237247329ADD18200440CA3 /* Frameworks */ = {
			isa = PBXFrameworksBuildPhase;
			buildActionMask = 2147483647;
			files = (
				225EA26D2A5E5F6C00CAEB44 /* FirebaseAuth in Frameworks */,
				225EA2762A5FC23800CAEB44 /* FirebaseStorage in Frameworks */,
				225EA2722A5FC22300CAEB44 /* FirebaseFirestore in Frameworks */,
				225EA2742A5FC22E00CAEB44 /* FirebaseFirestoreSwift in Frameworks */,
			);
			runOnlyForDeploymentPostprocessing = 0;
		};
		2237248429ADD18300440CA3 /* Frameworks */ = {
			isa = PBXFrameworksBuildPhase;
			buildActionMask = 2147483647;
			files = (
			);
			runOnlyForDeploymentPostprocessing = 0;
		};
		2237248E29ADD18300440CA3 /* Frameworks */ = {
			isa = PBXFrameworksBuildPhase;
			buildActionMask = 2147483647;
			files = (
			);
			runOnlyForDeploymentPostprocessing = 0;
		};
/* End PBXFrameworksBuildPhase section */

/* Begin PBXGroup section */
		2237246D29ADD18200440CA3 = {
			isa = PBXGroup;
			children = (
				2237247829ADD18200440CA3 /* Bored */,
				2237248A29ADD18300440CA3 /* BoredTests */,
				2237249429ADD18300440CA3 /* BoredUITests */,
				2237247729ADD18200440CA3 /* Products */,
				225EA2702A5FC22300CAEB44 /* Frameworks */,
			);
			sourceTree = "<group>";
		};
		2237247729ADD18200440CA3 /* Products */ = {
			isa = PBXGroup;
			children = (
				2237247629ADD18200440CA3 /* Bored.app */,
				2237248729ADD18300440CA3 /* BoredTests.xctest */,
				2237249129ADD18300440CA3 /* BoredUITests.xctest */,
			);
			name = Products;
			sourceTree = "<group>";
		};
		2237247829ADD18200440CA3 /* Bored */ = {
			isa = PBXGroup;
			children = (
				225EA2692A5E5EDE00CAEB44 /* GoogleService-Info.plist */,
				2237247929ADD18200440CA3 /* BoredApp.swift */,
				2237247B29ADD18200440CA3 /* ContentView.swift */,
				2281E54429B0865F00C164FF /* Views */,
				2281E54629B0867800C164FF /* Model */,
				2281E54529B0866A00C164FF /* Resources */,
				223724A429AE7B4900440CA3 /* circleimage.swift */,
				2237247D29ADD18300440CA3 /* Assets.xcassets */,
				2237247F29ADD18300440CA3 /* Bored.entitlements */,
				2237248029ADD18300440CA3 /* Preview Content */,
			);
			path = Bored;
			sourceTree = "<group>";
		};
		2237248029ADD18300440CA3 /* Preview Content */ = {
			isa = PBXGroup;
			children = (
				2237248129ADD18300440CA3 /* Preview Assets.xcassets */,
			);
			path = "Preview Content";
			sourceTree = "<group>";
		};
		2237248A29ADD18300440CA3 /* BoredTests */ = {
			isa = PBXGroup;
			children = (
				2237248B29ADD18300440CA3 /* BoredTests.swift */,
			);
			path = BoredTests;
			sourceTree = "<group>";
		};
		2237249429ADD18300440CA3 /* BoredUITests */ = {
			isa = PBXGroup;
			children = (
				2237249529ADD18300440CA3 /* BoredUITests.swift */,
				2237249729ADD18300440CA3 /* BoredUITestsLaunchTests.swift */,
			);
			path = BoredUITests;
			sourceTree = "<group>";
		};
		225EA2702A5FC22300CAEB44 /* Frameworks */ = {
			isa = PBXGroup;
			children = (
			);
			name = Frameworks;
			sourceTree = "<group>";
		};
		226120632A570AD500E3439B /* HomeScreenView */ = {
			isa = PBXGroup;
			children = (
				226120662A570B1100E3439B /* GameCard.swift */,
			);
			path = HomeScreenView;
			sourceTree = "<group>";
		};
		2281E54429B0865F00C164FF /* Views */ = {
			isa = PBXGroup;
			children = (
				226120632A570AD500E3439B /* HomeScreenView */,
				226120642A570AF900E3439B /* HomeScreenView.swift */,
				225EA2612A57F92100CAEB44 /* SwiftUIView.swift */,
				225EA2632A58B18000CAEB44 /* LandingPage.swift */,
				225EA2652A58B1DD00CAEB44 /* HomePage.swift */,
				225EA2672A58B20600CAEB44 /* ProfilePage.swift */,
				225EA26E2A5E5F9300CAEB44 /* LoginView.swift */,
			);
			path = Views;
			sourceTree = "<group>";
		};
		2281E54529B0866A00C164FF /* Resources */ = {
			isa = PBXGroup;
			children = (
				2281E54129B07D0900C164FF /* GamesData.json */,
			);
			path = Resources;
			sourceTree = "<group>";
		};
		2281E54629B0867800C164FF /* Model */ = {
			isa = PBXGroup;
			children = (
				226120702A577AFC00E3439B /* Games.swift */,
				226120722A577B9300E3439B /* ModelData.swift */,
			);
			path = Model;
			sourceTree = "<group>";
		};
/* End PBXGroup section */

/* Begin PBXNativeTarget section */
		2237247529ADD18200440CA3 /* Bored */ = {
			isa = PBXNativeTarget;
			buildConfigurationList = 2237249B29ADD18300440CA3 /* Build configuration list for PBXNativeTarget "Bored" */;
			buildPhases = (
				2237247229ADD18200440CA3 /* Sources */,
				2237247329ADD18200440CA3 /* Frameworks */,
				2237247429ADD18200440CA3 /* Resources */,
			);
			buildRules = (
			);
			dependencies = (
			);
			name = Bored;
			packageProductDependencies = (
				225EA26C2A5E5F6C00CAEB44 /* FirebaseAuth */,
				225EA2712A5FC22300CAEB44 /* FirebaseFirestore */,
				225EA2732A5FC22E00CAEB44 /* FirebaseFirestoreSwift */,
				225EA2752A5FC23800CAEB44 /* FirebaseStorage */,
			);
			productName = Bored;
			productReference = 2237247629ADD18200440CA3 /* Bored.app */;
			productType = "com.apple.product-type.application";
		};
		2237248629ADD18300440CA3 /* BoredTests */ = {
			isa = PBXNativeTarget;
			buildConfigurationList = 2237249E29ADD18300440CA3 /* Build configuration list for PBXNativeTarget "BoredTests" */;
			buildPhases = (
				2237248329ADD18300440CA3 /* Sources */,
				2237248429ADD18300440CA3 /* Frameworks */,
				2237248529ADD18300440CA3 /* Resources */,
			);
			buildRules = (
			);
			dependencies = (
				2237248929ADD18300440CA3 /* PBXTargetDependency */,
			);
			name = BoredTests;
			productName = BoredTests;
			productReference = 2237248729ADD18300440CA3 /* BoredTests.xctest */;
			productType = "com.apple.product-type.bundle.unit-test";
		};
		2237249029ADD18300440CA3 /* BoredUITests */ = {
			isa = PBXNativeTarget;
			buildConfigurationList = 223724A129ADD18300440CA3 /* Build configuration list for PBXNativeTarget "BoredUITests" */;
			buildPhases = (
				2237248D29ADD18300440CA3 /* Sources */,
				2237248E29ADD18300440CA3 /* Frameworks */,
				2237248F29ADD18300440CA3 /* Resources */,
			);
			buildRules = (
			);
			dependencies = (
				2237249329ADD18300440CA3 /* PBXTargetDependency */,
			);
			name = BoredUITests;
			productName = BoredUITests;
			productReference = 2237249129ADD18300440CA3 /* BoredUITests.xctest */;
			productType = "com.apple.product-type.bundle.ui-testing";
		};
/* End PBXNativeTarget section */

/* Begin PBXProject section */
		2237246E29ADD18200440CA3 /* Project object */ = {
			isa = PBXProject;
			attributes = {
				BuildIndependentTargetsInParallel = 1;
				LastSwiftUpdateCheck = 1420;
				LastUpgradeCheck = 1430;
				TargetAttributes = {
					2237247529ADD18200440CA3 = {
						CreatedOnToolsVersion = 14.2;
					};
					2237248629ADD18300440CA3 = {
						CreatedOnToolsVersion = 14.2;
						TestTargetID = 2237247529ADD18200440CA3;
					};
					2237249029ADD18300440CA3 = {
						CreatedOnToolsVersion = 14.2;
						TestTargetID = 2237247529ADD18200440CA3;
					};
				};
			};
			buildConfigurationList = 2237247129ADD18200440CA3 /* Build configuration list for PBXProject "Bored" */;
			compatibilityVersion = "Xcode 14.0";
			developmentRegion = en;
			hasScannedForEncodings = 0;
			knownRegions = (
				en,
				Base,
			);
			mainGroup = 2237246D29ADD18200440CA3;
			packageReferences = (
				225EA26B2A5E5F6C00CAEB44 /* XCRemoteSwiftPackageReference "firebase-ios-sdk" */,
			);
			productRefGroup = 2237247729ADD18200440CA3 /* Products */;
			projectDirPath = "";
			projectRoot = "";
			targets = (
				2237247529ADD18200440CA3 /* Bored */,
				2237248629ADD18300440CA3 /* BoredTests */,
				2237249029ADD18300440CA3 /* BoredUITests */,
			);
		};
/* End PBXProject section */

/* Begin PBXResourcesBuildPhase section */
		2237247429ADD18200440CA3 /* Resources */ = {
			isa = PBXResourcesBuildPhase;
			buildActionMask = 2147483647;
			files = (
				2237248229ADD18300440CA3 /* Preview Assets.xcassets in Resources */,
				2237247E29ADD18300440CA3 /* Assets.xcassets in Resources */,
				225EA26A2A5E5EDE00CAEB44 /* GoogleService-Info.plist in Resources */,
			);
			runOnlyForDeploymentPostprocessing = 0;
		};
		2237248529ADD18300440CA3 /* Resources */ = {
			isa = PBXResourcesBuildPhase;
			buildActionMask = 2147483647;
			files = (
			);
			runOnlyForDeploymentPostprocessing = 0;
		};
		2237248F29ADD18300440CA3 /* Resources */ = {
			isa = PBXResourcesBuildPhase;
			buildActionMask = 2147483647;
			files = (
			);
			runOnlyForDeploymentPostprocessing = 0;
		};
/* End PBXResourcesBuildPhase section */

/* Begin PBXSourcesBuildPhase section */
		2237247229ADD18200440CA3 /* Sources */ = {
			isa = PBXSourcesBuildPhase;
			buildActionMask = 2147483647;
			files = (
				226120672A570B1100E3439B /* GameCard.swift in Sources */,
				225EA2642A58B18000CAEB44 /* LandingPage.swift in Sources */,
				223724A529AE7B4900440CA3 /* circleimage.swift in Sources */,
				225EA2622A57F92100CAEB44 /* SwiftUIView.swift in Sources */,
				226120732A577B9300E3439B /* ModelData.swift in Sources */,
				225EA2662A58B1DD00CAEB44 /* HomePage.swift in Sources */,
				225EA26F2A5E5F9300CAEB44 /* LoginView.swift in Sources */,
				226120712A577AFC00E3439B /* Games.swift in Sources */,
				225EA2682A58B20600CAEB44 /* ProfilePage.swift in Sources */,
				2237247C29ADD18200440CA3 /* ContentView.swift in Sources */,
				2237247A29ADD18200440CA3 /* BoredApp.swift in Sources */,
				226120652A570AF900E3439B /* HomeScreenView.swift in Sources */,
			);
			runOnlyForDeploymentPostprocessing = 0;
		};
		2237248329ADD18300440CA3 /* Sources */ = {
			isa = PBXSourcesBuildPhase;
			buildActionMask = 2147483647;
			files = (
				2237248C29ADD18300440CA3 /* BoredTests.swift in Sources */,
			);
			runOnlyForDeploymentPostprocessing = 0;
		};
		2237248D29ADD18300440CA3 /* Sources */ = {
			isa = PBXSourcesBuildPhase;
			buildActionMask = 2147483647;
			files = (
				2237249629ADD18300440CA3 /* BoredUITests.swift in Sources */,
				2237249829ADD18300440CA3 /* BoredUITestsLaunchTests.swift in Sources */,
			);
			runOnlyForDeploymentPostprocessing = 0;
		};
/* End PBXSourcesBuildPhase section */

/* Begin PBXTargetDependency section */
		2237248929ADD18300440CA3 /* PBXTargetDependency */ = {
			isa = PBXTargetDependency;
			target = 2237247529ADD18200440CA3 /* Bored */;
			targetProxy = 2237248829ADD18300440CA3 /* PBXContainerItemProxy */;
		};
		2237249329ADD18300440CA3 /* PBXTargetDependency */ = {
			isa = PBXTargetDependency;
			target = 2237247529ADD18200440CA3 /* Bored */;
			targetProxy = 2237249229ADD18300440CA3 /* PBXContainerItemProxy */;
		};
/* End PBXTargetDependency section */

/* Begin XCBuildConfiguration section */
		2237249929ADD18300440CA3 /* Debug */ = {
			isa = XCBuildConfiguration;
			buildSettings = {
				ALWAYS_SEARCH_USER_PATHS = NO;
				CLANG_ANALYZER_NONNULL = YES;
				CLANG_ANALYZER_NUMBER_OBJECT_CONVERSION = YES_AGGRESSIVE;
				CLANG_CXX_LANGUAGE_STANDARD = "gnu++20";
				CLANG_ENABLE_MODULES = YES;
				CLANG_ENABLE_OBJC_ARC = YES;
				CLANG_ENABLE_OBJC_WEAK = YES;
				CLANG_WARN_BLOCK_CAPTURE_AUTORELEASING = YES;
				CLANG_WARN_BOOL_CONVERSION = YES;
				CLANG_WARN_COMMA = YES;
				CLANG_WARN_CONSTANT_CONVERSION = YES;
				CLANG_WARN_DEPRECATED_OBJC_IMPLEMENTATIONS = YES;
				CLANG_WARN_DIRECT_OBJC_ISA_USAGE = YES_ERROR;
				CLANG_WARN_DOCUMENTATION_COMMENTS = YES;
				CLANG_WARN_EMPTY_BODY = YES;
				CLANG_WARN_ENUM_CONVERSION = YES;
				CLANG_WARN_INFINITE_RECURSION = YES;
				CLANG_WARN_INT_CONVERSION = YES;
				CLANG_WARN_NON_LITERAL_NULL_CONVERSION = YES;
				CLANG_WARN_OBJC_IMPLICIT_RETAIN_SELF = YES;
				CLANG_WARN_OBJC_LITERAL_CONVERSION = YES;
				CLANG_WARN_OBJC_ROOT_CLASS = YES_ERROR;
				CLANG_WARN_QUOTED_INCLUDE_IN_FRAMEWORK_HEADER = YES;
				CLANG_WARN_RANGE_LOOP_ANALYSIS = YES;
				CLANG_WARN_STRICT_PROTOTYPES = YES;
				CLANG_WARN_SUSPICIOUS_MOVE = YES;
				CLANG_WARN_UNGUARDED_AVAILABILITY = YES_AGGRESSIVE;
				CLANG_WARN_UNREACHABLE_CODE = YES;
				CLANG_WARN__DUPLICATE_METHOD_MATCH = YES;
				COPY_PHASE_STRIP = NO;
				DEAD_CODE_STRIPPING = YES;
				DEBUG_INFORMATION_FORMAT = dwarf;
				ENABLE_STRICT_OBJC_MSGSEND = YES;
				ENABLE_TESTABILITY = YES;
				GCC_C_LANGUAGE_STANDARD = gnu11;
				GCC_DYNAMIC_NO_PIC = NO;
				GCC_NO_COMMON_BLOCKS = YES;
				GCC_OPTIMIZATION_LEVEL = 0;
				GCC_PREPROCESSOR_DEFINITIONS = (
					"DEBUG=1",
					"$(inherited)",
				);
				GCC_WARN_64_TO_32_BIT_CONVERSION = YES;
				GCC_WARN_ABOUT_RETURN_TYPE = YES_ERROR;
				GCC_WARN_UNDECLARED_SELECTOR = YES;
				GCC_WARN_UNINITIALIZED_AUTOS = YES_AGGRESSIVE;
				GCC_WARN_UNUSED_FUNCTION = YES;
				GCC_WARN_UNUSED_VARIABLE = YES;
				MTL_ENABLE_DEBUG_INFO = INCLUDE_SOURCE;
				MTL_FAST_MATH = YES;
				ONLY_ACTIVE_ARCH = YES;
				SWIFT_ACTIVE_COMPILATION_CONDITIONS = DEBUG;
				SWIFT_OPTIMIZATION_LEVEL = "-Onone";
			};
			name = Debug;
		};
		2237249A29ADD18300440CA3 /* Release */ = {
			isa = XCBuildConfiguration;
			buildSettings = {
				ALWAYS_SEARCH_USER_PATHS = NO;
				CLANG_ANALYZER_NONNULL = YES;
				CLANG_ANALYZER_NUMBER_OBJECT_CONVERSION = YES_AGGRESSIVE;
				CLANG_CXX_LANGUAGE_STANDARD = "gnu++20";
				CLANG_ENABLE_MODULES = YES;
				CLANG_ENABLE_OBJC_ARC = YES;
				CLANG_ENABLE_OBJC_WEAK = YES;
				CLANG_WARN_BLOCK_CAPTURE_AUTORELEASING = YES;
				CLANG_WARN_BOOL_CONVERSION = YES;
				CLANG_WARN_COMMA = YES;
				CLANG_WARN_CONSTANT_CONVERSION = YES;
				CLANG_WARN_DEPRECATED_OBJC_IMPLEMENTATIONS = YES;
				CLANG_WARN_DIRECT_OBJC_ISA_USAGE = YES_ERROR;
				CLANG_WARN_DOCUMENTATION_COMMENTS = YES;
				CLANG_WARN_EMPTY_BODY = YES;
				CLANG_WARN_ENUM_CONVERSION = YES;
				CLANG_WARN_INFINITE_RECURSION = YES;
				CLANG_WARN_INT_CONVERSION = YES;
				CLANG_WARN_NON_LITERAL_NULL_CONVERSION = YES;
				CLANG_WARN_OBJC_IMPLICIT_RETAIN_SELF = YES;
				CLANG_WARN_OBJC_LITERAL_CONVERSION = YES;
				CLANG_WARN_OBJC_ROOT_CLASS = YES_ERROR;
				CLANG_WARN_QUOTED_INCLUDE_IN_FRAMEWORK_HEADER = YES;
				CLANG_WARN_RANGE_LOOP_ANALYSIS = YES;
				CLANG_WARN_STRICT_PROTOTYPES = YES;
				CLANG_WARN_SUSPICIOUS_MOVE = YES;
				CLANG_WARN_UNGUARDED_AVAILABILITY = YES_AGGRESSIVE;
				CLANG_WARN_UNREACHABLE_CODE = YES;
				CLANG_WARN__DUPLICATE_METHOD_MATCH = YES;
				COPY_PHASE_STRIP = NO;
				DEAD_CODE_STRIPPING = YES;
				DEBUG_INFORMATION_FORMAT = "dwarf-with-dsym";
				ENABLE_NS_ASSERTIONS = NO;
				ENABLE_STRICT_OBJC_MSGSEND = YES;
				GCC_C_LANGUAGE_STANDARD = gnu11;
				GCC_NO_COMMON_BLOCKS = YES;
				GCC_WARN_64_TO_32_BIT_CONVERSION = YES;
				GCC_WARN_ABOUT_RETURN_TYPE = YES_ERROR;
				GCC_WARN_UNDECLARED_SELECTOR = YES;
				GCC_WARN_UNINITIALIZED_AUTOS = YES_AGGRESSIVE;
				GCC_WARN_UNUSED_FUNCTION = YES;
				GCC_WARN_UNUSED_VARIABLE = YES;
				MTL_ENABLE_DEBUG_INFO = NO;
				MTL_FAST_MATH = YES;
				SWIFT_COMPILATION_MODE = wholemodule;
				SWIFT_OPTIMIZATION_LEVEL = "-O";
			};
			name = Release;
		};
		2237249C29ADD18300440CA3 /* Debug */ = {
			isa = XCBuildConfiguration;
			buildSettings = {
				ASSETCATALOG_COMPILER_APPICON_NAME = AppIcon;
				ASSETCATALOG_COMPILER_GLOBAL_ACCENT_COLOR_NAME = AccentColor;
				CODE_SIGN_ENTITLEMENTS = Bored/Bored.entitlements;
				CODE_SIGN_STYLE = Automatic;
				CURRENT_PROJECT_VERSION = 1;
				DEAD_CODE_STRIPPING = YES;
				DEVELOPMENT_ASSET_PATHS = "\"Bored/Preview Content\"";
				ENABLE_PREVIEWS = YES;
				GENERATE_INFOPLIST_FILE = YES;
				"INFOPLIST_KEY_UIApplicationSceneManifest_Generation[sdk=iphoneos*]" = YES;
				"INFOPLIST_KEY_UIApplicationSceneManifest_Generation[sdk=iphonesimulator*]" = YES;
				"INFOPLIST_KEY_UIApplicationSupportsIndirectInputEvents[sdk=iphoneos*]" = YES;
				"INFOPLIST_KEY_UIApplicationSupportsIndirectInputEvents[sdk=iphonesimulator*]" = YES;
				"INFOPLIST_KEY_UILaunchScreen_Generation[sdk=iphoneos*]" = YES;
				"INFOPLIST_KEY_UILaunchScreen_Generation[sdk=iphonesimulator*]" = YES;
				"INFOPLIST_KEY_UIStatusBarStyle[sdk=iphoneos*]" = UIStatusBarStyleDefault;
				"INFOPLIST_KEY_UIStatusBarStyle[sdk=iphonesimulator*]" = UIStatusBarStyleDefault;
				INFOPLIST_KEY_UISupportedInterfaceOrientations_iPad = "UIInterfaceOrientationPortrait UIInterfaceOrientationPortraitUpsideDown UIInterfaceOrientationLandscapeLeft UIInterfaceOrientationLandscapeRight";
				INFOPLIST_KEY_UISupportedInterfaceOrientations_iPhone = "UIInterfaceOrientationPortrait UIInterfaceOrientationLandscapeLeft UIInterfaceOrientationLandscapeRight";
				IPHONEOS_DEPLOYMENT_TARGET = 16.2;
				LD_RUNPATH_SEARCH_PATHS = "@executable_path/Frameworks";
				"LD_RUNPATH_SEARCH_PATHS[sdk=macosx*]" = "@executable_path/../Frameworks";
				MACOSX_DEPLOYMENT_TARGET = 13.0;
				MARKETING_VERSION = 1.0;
				PRODUCT_BUNDLE_IDENTIFIER = tman9000p.Bored;
				PRODUCT_NAME = "$(TARGET_NAME)";
				SDKROOT = auto;
				SUPPORTED_PLATFORMS = "iphoneos iphonesimulator macosx";
				SWIFT_EMIT_LOC_STRINGS = YES;
				SWIFT_VERSION = 5.0;
				TARGETED_DEVICE_FAMILY = "1,2";
			};
			name = Debug;
		};
		2237249D29ADD18300440CA3 /* Release */ = {
			isa = XCBuildConfiguration;
			buildSettings = {
				ASSETCATALOG_COMPILER_APPICON_NAME = AppIcon;
				ASSETCATALOG_COMPILER_GLOBAL_ACCENT_COLOR_NAME = AccentColor;
				CODE_SIGN_ENTITLEMENTS = Bored/Bored.entitlements;
				CODE_SIGN_STYLE = Automatic;
				CURRENT_PROJECT_VERSION = 1;
				DEAD_CODE_STRIPPING = YES;
				DEVELOPMENT_ASSET_PATHS = "\"Bored/Preview Content\"";
				ENABLE_PREVIEWS = YES;
				GENERATE_INFOPLIST_FILE = YES;
				"INFOPLIST_KEY_UIApplicationSceneManifest_Generation[sdk=iphoneos*]" = YES;
				"INFOPLIST_KEY_UIApplicationSceneManifest_Generation[sdk=iphonesimulator*]" = YES;
				"INFOPLIST_KEY_UIApplicationSupportsIndirectInputEvents[sdk=iphoneos*]" = YES;
				"INFOPLIST_KEY_UIApplicationSupportsIndirectInputEvents[sdk=iphonesimulator*]" = YES;
				"INFOPLIST_KEY_UILaunchScreen_Generation[sdk=iphoneos*]" = YES;
				"INFOPLIST_KEY_UILaunchScreen_Generation[sdk=iphonesimulator*]" = YES;
				"INFOPLIST_KEY_UIStatusBarStyle[sdk=iphoneos*]" = UIStatusBarStyleDefault;
				"INFOPLIST_KEY_UIStatusBarStyle[sdk=iphonesimulator*]" = UIStatusBarStyleDefault;
				INFOPLIST_KEY_UISupportedInterfaceOrientations_iPad = "UIInterfaceOrientationPortrait UIInterfaceOrientationPortraitUpsideDown UIInterfaceOrientationLandscapeLeft UIInterfaceOrientationLandscapeRight";
				INFOPLIST_KEY_UISupportedInterfaceOrientations_iPhone = "UIInterfaceOrientationPortrait UIInterfaceOrientationLandscapeLeft UIInterfaceOrientationLandscapeRight";
				IPHONEOS_DEPLOYMENT_TARGET = 16.2;
				LD_RUNPATH_SEARCH_PATHS = "@executable_path/Frameworks";
				"LD_RUNPATH_SEARCH_PATHS[sdk=macosx*]" = "@executable_path/../Frameworks";
				MACOSX_DEPLOYMENT_TARGET = 13.0;
				MARKETING_VERSION = 1.0;
				PRODUCT_BUNDLE_IDENTIFIER = tman9000p.Bored;
				PRODUCT_NAME = "$(TARGET_NAME)";
				SDKROOT = auto;
				SUPPORTED_PLATFORMS = "iphoneos iphonesimulator macosx";
				SWIFT_EMIT_LOC_STRINGS = YES;
				SWIFT_VERSION = 5.0;
				TARGETED_DEVICE_FAMILY = "1,2";
			};
			name = Release;
		};
		2237249F29ADD18300440CA3 /* Debug */ = {
			isa = XCBuildConfiguration;
			buildSettings = {
				ALWAYS_EMBED_SWIFT_STANDARD_LIBRARIES = YES;
				BUNDLE_LOADER = "$(TEST_HOST)";
				CODE_SIGN_STYLE = Automatic;
				CURRENT_PROJECT_VERSION = 1;
				DEAD_CODE_STRIPPING = YES;
				GENERATE_INFOPLIST_FILE = YES;
				IPHONEOS_DEPLOYMENT_TARGET = 16.2;
				MACOSX_DEPLOYMENT_TARGET = 13.0;
				MARKETING_VERSION = 1.0;
				PRODUCT_BUNDLE_IDENTIFIER = tman9000p.BoredTests;
				PRODUCT_NAME = "$(TARGET_NAME)";
				SDKROOT = auto;
				SUPPORTED_PLATFORMS = "iphoneos iphonesimulator macosx";
				SWIFT_EMIT_LOC_STRINGS = NO;
				SWIFT_VERSION = 5.0;
				TARGETED_DEVICE_FAMILY = "1,2";
				TEST_HOST = "$(BUILT_PRODUCTS_DIR)/Bored.app/$(BUNDLE_EXECUTABLE_FOLDER_PATH)/Bored";
			};
			name = Debug;
		};
		223724A029ADD18300440CA3 /* Release */ = {
			isa = XCBuildConfiguration;
			buildSettings = {
				ALWAYS_EMBED_SWIFT_STANDARD_LIBRARIES = YES;
				BUNDLE_LOADER = "$(TEST_HOST)";
				CODE_SIGN_STYLE = Automatic;
				CURRENT_PROJECT_VERSION = 1;
				DEAD_CODE_STRIPPING = YES;
				GENERATE_INFOPLIST_FILE = YES;
				IPHONEOS_DEPLOYMENT_TARGET = 16.2;
				MACOSX_DEPLOYMENT_TARGET = 13.0;
				MARKETING_VERSION = 1.0;
				PRODUCT_BUNDLE_IDENTIFIER = tman9000p.BoredTests;
				PRODUCT_NAME = "$(TARGET_NAME)";
				SDKROOT = auto;
				SUPPORTED_PLATFORMS = "iphoneos iphonesimulator macosx";
				SWIFT_EMIT_LOC_STRINGS = NO;
				SWIFT_VERSION = 5.0;
				TARGETED_DEVICE_FAMILY = "1,2";
				TEST_HOST = "$(BUILT_PRODUCTS_DIR)/Bored.app/$(BUNDLE_EXECUTABLE_FOLDER_PATH)/Bored";
			};
			name = Release;
		};
		223724A229ADD18300440CA3 /* Debug */ = {
			isa = XCBuildConfiguration;
			buildSettings = {
				ALWAYS_EMBED_SWIFT_STANDARD_LIBRARIES = YES;
				CODE_SIGN_STYLE = Automatic;
				CURRENT_PROJECT_VERSION = 1;
				DEAD_CODE_STRIPPING = YES;
				GENERATE_INFOPLIST_FILE = YES;
				IPHONEOS_DEPLOYMENT_TARGET = 16.2;
				MACOSX_DEPLOYMENT_TARGET = 13.0;
				MARKETING_VERSION = 1.0;
				PRODUCT_BUNDLE_IDENTIFIER = tman9000p.BoredUITests;
				PRODUCT_NAME = "$(TARGET_NAME)";
				SDKROOT = auto;
				SUPPORTED_PLATFORMS = "iphoneos iphonesimulator macosx";
				SWIFT_EMIT_LOC_STRINGS = NO;
				SWIFT_VERSION = 5.0;
				TARGETED_DEVICE_FAMILY = "1,2";
				TEST_TARGET_NAME = Bored;
			};
			name = Debug;
		};
		223724A329ADD18300440CA3 /* Release */ = {
			isa = XCBuildConfiguration;
			buildSettings = {
				ALWAYS_EMBED_SWIFT_STANDARD_LIBRARIES = YES;
				CODE_SIGN_STYLE = Automatic;
				CURRENT_PROJECT_VERSION = 1;
				DEAD_CODE_STRIPPING = YES;
				GENERATE_INFOPLIST_FILE = YES;
				IPHONEOS_DEPLOYMENT_TARGET = 16.2;
				MACOSX_DEPLOYMENT_TARGET = 13.0;
				MARKETING_VERSION = 1.0;
				PRODUCT_BUNDLE_IDENTIFIER = tman9000p.BoredUITests;
				PRODUCT_NAME = "$(TARGET_NAME)";
				SDKROOT = auto;
				SUPPORTED_PLATFORMS = "iphoneos iphonesimulator macosx";
				SWIFT_EMIT_LOC_STRINGS = NO;
				SWIFT_VERSION = 5.0;
				TARGETED_DEVICE_FAMILY = "1,2";
				TEST_TARGET_NAME = Bored;
			};
			name = Release;
		};
/* End XCBuildConfiguration section */

/* Begin XCConfigurationList section */
		2237247129ADD18200440CA3 /* Build configuration list for PBXProject "Bored" */ = {
			isa = XCConfigurationList;
			buildConfigurations = (
				2237249929ADD18300440CA3 /* Debug */,
				2237249A29ADD18300440CA3 /* Release */,
			);
			defaultConfigurationIsVisible = 0;
			defaultConfigurationName = Release;
		};
		2237249B29ADD18300440CA3 /* Build configuration list for PBXNativeTarget "Bored" */ = {
			isa = XCConfigurationList;
			buildConfigurations = (
				2237249C29ADD18300440CA3 /* Debug */,
				2237249D29ADD18300440CA3 /* Release */,
			);
			defaultConfigurationIsVisible = 0;
			defaultConfigurationName = Release;
		};
		2237249E29ADD18300440CA3 /* Build configuration list for PBXNativeTarget "BoredTests" */ = {
			isa = XCConfigurationList;
			buildConfigurations = (
				2237249F29ADD18300440CA3 /* Debug */,
				223724A029ADD18300440CA3 /* Release */,
			);
			defaultConfigurationIsVisible = 0;
			defaultConfigurationName = Release;
		};
		223724A129ADD18300440CA3 /* Build configuration list for PBXNativeTarget "BoredUITests" */ = {
			isa = XCConfigurationList;
			buildConfigurations = (
				223724A229ADD18300440CA3 /* Debug */,
				223724A329ADD18300440CA3 /* Release */,
			);
			defaultConfigurationIsVisible = 0;
			defaultConfigurationName = Release;
		};
/* End XCConfigurationList section */

/* Begin XCRemoteSwiftPackageReference section */
		225EA26B2A5E5F6C00CAEB44 /* XCRemoteSwiftPackageReference "firebase-ios-sdk" */ = {
			isa = XCRemoteSwiftPackageReference;
			repositoryURL = "https://github.com/firebase/firebase-ios-sdk";
			requirement = {
				kind = upToNextMajorVersion;
				minimumVersion = 10.0.0;
			};
		};
/* End XCRemoteSwiftPackageReference section */

/* Begin XCSwiftPackageProductDependency section */
		225EA26C2A5E5F6C00CAEB44 /* FirebaseAuth */ = {
			isa = XCSwiftPackageProductDependency;
			package = 225EA26B2A5E5F6C00CAEB44 /* XCRemoteSwiftPackageReference "firebase-ios-sdk" */;
			productName = FirebaseAuth;
		};
		225EA2712A5FC22300CAEB44 /* FirebaseFirestore */ = {
			isa = XCSwiftPackageProductDependency;
			package = 225EA26B2A5E5F6C00CAEB44 /* XCRemoteSwiftPackageReference "firebase-ios-sdk" */;
			productName = FirebaseFirestore;
		};
		225EA2732A5FC22E00CAEB44 /* FirebaseFirestoreSwift */ = {
			isa = XCSwiftPackageProductDependency;
			package = 225EA26B2A5E5F6C00CAEB44 /* XCRemoteSwiftPackageReference "firebase-ios-sdk" */;
			productName = FirebaseFirestoreSwift;
		};
		225EA2752A5FC23800CAEB44 /* FirebaseStorage */ = {
			isa = XCSwiftPackageProductDependency;
			package = 225EA26B2A5E5F6C00CAEB44 /* XCRemoteSwiftPackageReference "firebase-ios-sdk" */;
			productName = FirebaseStorage;
		};
/* End XCSwiftPackageProductDependency section */
	};
	rootObject = 2237246E29ADD18200440CA3 /* Project object */;
}
